
Microsoft Visual Studio Solution File, Format Version 12.00
# Visual Studio Version 16
VisualStudioVersion = 16.0.31424.327
MinimumVisualStudioVersion = 10.0.40219.1
Project("{9A19103F-16F7-4668-BE54-9A1E7A4F7556}") = "CrashCloudAccessService", "CrashCloudAccessService\CrashCloudAccessService.csproj", "{A7383EF6-A14A-4880-8196-BFA92C5B3C21}"
EndProject
Global
	GlobalSection(SolutionConfigurationPlatforms) = preSolution
		Debug|Any CPU = Debug|Any CPU
		Release|Any CPU = Release|Any CPU
	EndGlobalSection
	GlobalSection(ProjectConfigurationPlatforms) = postSolution
		{A7383EF6-A14A-4880-8196-BFA92C5B3C21}.Debug|Any CPU.ActiveCfg = Debug|Any CPU
		{A7383EF6-A14A-4880-8196-BFA92C5B3C21}.Debug|Any CPU.Build.0 = Debug|Any CPU
		{A7383EF6-A14A-4880-8196-BFA92C5B3C21}.Release|Any CPU.ActiveCfg = Release|Any CPU
		{A7383EF6-A14A-4880-8196-BFA92C5B3C21}.Release|Any CPU.Build.0 = Release|Any CPU
	EndGlobalSection
	GlobalSection(SolutionProperties) = preSolution
		HideSolutionNode = FALSE
	EndGlobalSection
	GlobalSection(ExtensibilityGlobals) = postSolution
		SolutionGuid = {AF65BD35-AB37-4B08-848B-2C9FFEBC9C84}
	EndGlobalSection
EndGlobal
